
Microsoft Visual Studio Solution File, Format Version 12.00
# Visual Studio Version 17
VisualStudioVersion = 17.2.32519.379
MinimumVisualStudioVersion = 10.0.40219.1
Project("{9A19103F-16F7-4668-BE54-9A1E7A4F7556}") = "WebAdvert.Web", "WebAdvert.Web.csproj", "{1A8AD387-86FC-42B9-992F-CCA3CA8BAE8A}"
EndProject
Project("{9A19103F-16F7-4668-BE54-9A1E7A4F7556}") = "AdvertApi.Models", "..\..\WebAdvert.AdvertApi\AdvertApi.Models\AdvertApi.Models.csproj", "{722903EB-FD01-4665-8B95-DAAB68FB7D47}"
EndProject
Global
	GlobalSection(SolutionConfigurationPlatforms) = preSolution
		Debug|Any CPU = Debug|Any CPU
		Release|Any CPU = Release|Any CPU
	EndGlobalSection
	GlobalSection(ProjectConfigurationPlatforms) = postSolution
		{1A8AD387-86FC-42B9-992F-CCA3CA8BAE8A}.Debug|Any CPU.ActiveCfg = Debug|Any CPU
		{1A8AD387-86FC-42B9-992F-CCA3CA8BAE8A}.Debug|Any CPU.Build.0 = Debug|Any CPU
		{1A8AD387-86FC-42B9-992F-CCA3CA8BAE8A}.Release|Any CPU.ActiveCfg = Release|Any CPU
		{1A8AD387-86FC-42B9-992F-CCA3CA8BAE8A}.Release|Any CPU.Build.0 = Release|Any CPU
		{722903EB-FD01-4665-8B95-DAAB68FB7D47}.Debug|Any CPU.ActiveCfg = Debug|Any CPU
		{722903EB-FD01-4665-8B95-DAAB68FB7D47}.Debug|Any CPU.Build.0 = Debug|Any CPU
		{722903EB-FD01-4665-8B95-DAAB68FB7D47}.Release|Any CPU.ActiveCfg = Release|Any CPU
		{722903EB-FD01-4665-8B95-DAAB68FB7D47}.Release|Any CPU.Build.0 = Release|Any CPU
	EndGlobalSection
	GlobalSection(SolutionProperties) = preSolution
		HideSolutionNode = FALSE
	EndGlobalSection
	GlobalSection(ExtensibilityGlobals) = postSolution
		SolutionGuid = {97802E16-A2C0-4E80-9355-BC41667E5EB6}
	EndGlobalSection
EndGlobal
